
Microsoft Visual Studio Solution File, Format Version 12.00
# Visual Studio Version 17
VisualStudioVersion = 17.0.31903.59
MinimumVisualStudioVersion = 10.0.40219.1
Project("{2150E333-8FDC-42A3-9474-1A3956D46DE8}") = "src", "src", "{9175B276-A381-488F-975E-733A932EFB7C}"
EndProject
Project("{FAE04EC0-301F-11D3-BF4B-00C04F79EFBC}") = "MedSched.Api", "src\MedSched.Api\MedSched.Api.csproj", "{A2AFFA64-7A62-4B8A-8F34-448EAF1CE945}"
EndProject
Project("{2150E333-8FDC-42A3-9474-1A3956D46DE8}") = "tests", "tests", "{0AB3BF05-4346-4AA6-1389-037BE0695223}"
EndProject
Project("{FAE04EC0-301F-11D3-BF4B-00C04F79EFBC}") = "MedSched.Api.UnitTests", "tests\MedSched.Api.UnitTests\MedSched.Api.UnitTests.csproj", "{3D9C6C45-BF91-488B-A9E0-F16981868CCB}"
EndProject
Global
	GlobalSection(SolutionConfigurationPlatforms) = preSolution
		Debug|Any CPU = Debug|Any CPU
		Release|Any CPU = Release|Any CPU
	EndGlobalSection
	GlobalSection(ProjectConfigurationPlatforms) = postSolution
		{A2AFFA64-7A62-4B8A-8F34-448EAF1CE945}.Debug|Any CPU.ActiveCfg = Debug|Any CPU
		{A2AFFA64-7A62-4B8A-8F34-448EAF1CE945}.Debug|Any CPU.Build.0 = Debug|Any CPU
		{A2AFFA64-7A62-4B8A-8F34-448EAF1CE945}.Release|Any CPU.ActiveCfg = Release|Any CPU
		{A2AFFA64-7A62-4B8A-8F34-448EAF1CE945}.Release|Any CPU.Build.0 = Release|Any CPU
		{3D9C6C45-BF91-488B-A9E0-F16981868CCB}.Debug|Any CPU.ActiveCfg = Debug|Any CPU
		{3D9C6C45-BF91-488B-A9E0-F16981868CCB}.Debug|Any CPU.Build.0 = Debug|Any CPU
		{3D9C6C45-BF91-488B-A9E0-F16981868CCB}.Release|Any CPU.ActiveCfg = Release|Any CPU
		{3D9C6C45-BF91-488B-A9E0-F16981868CCB}.Release|Any CPU.Build.0 = Release|Any CPU
	EndGlobalSection
	GlobalSection(SolutionProperties) = preSolution
		HideSolutionNode = FALSE
	EndGlobalSection
	GlobalSection(NestedProjects) = preSolution
		{A2AFFA64-7A62-4B8A-8F34-448EAF1CE945} = {9175B276-A381-488F-975E-733A932EFB7C}
		{3D9C6C45-BF91-488B-A9E0-F16981868CCB} = {0AB3BF05-4346-4AA6-1389-037BE0695223}
	EndGlobalSection
EndGlobal
